// !$*UTF8*$!
{
	archiveVersion = 1;
	classes = {
	};
	objectVersion = 56;
	objects = {

/* Begin PBXBuildFile section */
		840C86AB2BD7D821000A7CD1 /* FollowerListVC.swift in Sources */ = {isa = PBXBuildFile; fileRef = 840C86AA2BD7D821000A7CD1 /* FollowerListVC.swift */; };
		840C86AD2BD7E232000A7CD1 /* GFTitleLabel.swift in Sources */ = {isa = PBXBuildFile; fileRef = 840C86AC2BD7E232000A7CD1 /* GFTitleLabel.swift */; };
		840C86AF2BD7E631000A7CD1 /* GFBodyLabel.swift in Sources */ = {isa = PBXBuildFile; fileRef = 840C86AE2BD7E631000A7CD1 /* GFBodyLabel.swift */; };
		840C86B12BD7E710000A7CD1 /* GFAlertVC.swift in Sources */ = {isa = PBXBuildFile; fileRef = 840C86B02BD7E710000A7CD1 /* GFAlertVC.swift */; };
		841A96312B8F718400A898D6 /* AppDelegate.swift in Sources */ = {isa = PBXBuildFile; fileRef = 841A96302B8F718400A898D6 /* AppDelegate.swift */; };
		841A96332B8F718400A898D6 /* SceneDelegate.swift in Sources */ = {isa = PBXBuildFile; fileRef = 841A96322B8F718400A898D6 /* SceneDelegate.swift */; };
		841A963A2B8F718600A898D6 /* Assets.xcassets in Resources */ = {isa = PBXBuildFile; fileRef = 841A96392B8F718600A898D6 /* Assets.xcassets */; };
		841A963D2B8F718600A898D6 /* LaunchScreen.storyboard in Resources */ = {isa = PBXBuildFile; fileRef = 841A963B2B8F718600A898D6 /* LaunchScreen.storyboard */; };
		841A96452B8F7B1900A898D6 /* SearchVC.swift in Sources */ = {isa = PBXBuildFile; fileRef = 841A96442B8F7B1900A898D6 /* SearchVC.swift */; };
		841A96472B8F7B5B00A898D6 /* FavoritesListVC.swift in Sources */ = {isa = PBXBuildFile; fileRef = 841A96462B8F7B5B00A898D6 /* FavoritesListVC.swift */; };
		841A96492B8F85AA00A898D6 /* GFButton.swift in Sources */ = {isa = PBXBuildFile; fileRef = 841A96482B8F85AA00A898D6 /* GFButton.swift */; };
		8429DCBC2BDBB49C00DF890B /* GFError.swift in Sources */ = {isa = PBXBuildFile; fileRef = 8429DCBB2BDBB49C00DF890B /* GFError.swift */; };
		84420F922BFCE0E000A66AB4 /* FollowerCell.swift in Sources */ = {isa = PBXBuildFile; fileRef = 84420F912BFCE0E000A66AB4 /* FollowerCell.swift */; };
		84420F942BFCE35A00A66AB4 /* GFAvatarImageView.swift in Sources */ = {isa = PBXBuildFile; fileRef = 84420F932BFCE35A00A66AB4 /* GFAvatarImageView.swift */; };
		847B9F792BDA67810068A3FF /* NetworkManager.swift in Sources */ = {isa = PBXBuildFile; fileRef = 847B9F782BDA67810068A3FF /* NetworkManager.swift */; };
		849ED9862BD91DC300778F5B /* UIViewController ext.swift in Sources */ = {isa = PBXBuildFile; fileRef = 849ED9852BD91DC300778F5B /* UIViewController ext.swift */; };
		849ED98D2BD93C8A00778F5B /* Follower.swift in Sources */ = {isa = PBXBuildFile; fileRef = 849ED98C2BD93C8A00778F5B /* Follower.swift */; };
		849ED98F2BD93D5900778F5B /* User.swift in Sources */ = {isa = PBXBuildFile; fileRef = 849ED98E2BD93D5900778F5B /* User.swift */; };
		84D9F40B2BAB2121003F906E /* GFTextField.swift in Sources */ = {isa = PBXBuildFile; fileRef = 84D9F40A2BAB2121003F906E /* GFTextField.swift */; };
		84E7C8FE2C060F2F0091146A /* UIHelper.swift in Sources */ = {isa = PBXBuildFile; fileRef = 84E7C8FD2C060F2F0091146A /* UIHelper.swift */; };
		84EE2DE02C075AF4009483E3 /* GFEmptyStateView.swift in Sources */ = {isa = PBXBuildFile; fileRef = 84EE2DDF2C075AF4009483E3 /* GFEmptyStateView.swift */; };
/* End PBXBuildFile section */

/* Begin PBXFileReference section */
		840C86AA2BD7D821000A7CD1 /* FollowerListVC.swift */ = {isa = PBXFileReference; lastKnownFileType = sourcecode.swift; path = FollowerListVC.swift; sourceTree = "<group>"; };
		840C86AC2BD7E232000A7CD1 /* GFTitleLabel.swift */ = {isa = PBXFileReference; lastKnownFileType = sourcecode.swift; path = GFTitleLabel.swift; sourceTree = "<group>"; };
		840C86AE2BD7E631000A7CD1 /* GFBodyLabel.swift */ = {isa = PBXFileReference; lastKnownFileType = sourcecode.swift; path = GFBodyLabel.swift; sourceTree = "<group>"; };
		840C86B02BD7E710000A7CD1 /* GFAlertVC.swift */ = {isa = PBXFileReference; lastKnownFileType = sourcecode.swift; path = GFAlertVC.swift; sourceTree = "<group>"; };
		841A962D2B8F718400A898D6 /* GHFollowers.app */ = {isa = PBXFileReference; explicitFileType = wrapper.application; includeInIndex = 0; path = GHFollowers.app; sourceTree = BUILT_PRODUCTS_DIR; };
		841A96302B8F718400A898D6 /* AppDelegate.swift */ = {isa = PBXFileReference; lastKnownFileType = sourcecode.swift; path = AppDelegate.swift; sourceTree = "<group>"; };
		841A96322B8F718400A898D6 /* SceneDelegate.swift */ = {isa = PBXFileReference; lastKnownFileType = sourcecode.swift; path = SceneDelegate.swift; sourceTree = "<group>"; };
		841A96392B8F718600A898D6 /* Assets.xcassets */ = {isa = PBXFileReference; lastKnownFileType = folder.assetcatalog; path = Assets.xcassets; sourceTree = "<group>"; };
		841A963C2B8F718600A898D6 /* Base */ = {isa = PBXFileReference; lastKnownFileType = file.storyboard; name = Base; path = Base.lproj/LaunchScreen.storyboard; sourceTree = "<group>"; };
		841A963E2B8F718600A898D6 /* Info.plist */ = {isa = PBXFileReference; lastKnownFileType = text.plist.xml; path = Info.plist; sourceTree = "<group>"; };
		841A96442B8F7B1900A898D6 /* SearchVC.swift */ = {isa = PBXFileReference; lastKnownFileType = sourcecode.swift; path = SearchVC.swift; sourceTree = "<group>"; };
		841A96462B8F7B5B00A898D6 /* FavoritesListVC.swift */ = {isa = PBXFileReference; lastKnownFileType = sourcecode.swift; path = FavoritesListVC.swift; sourceTree = "<group>"; };
		841A96482B8F85AA00A898D6 /* GFButton.swift */ = {isa = PBXFileReference; lastKnownFileType = sourcecode.swift; path = GFButton.swift; sourceTree = "<group>"; };
		8429DCBB2BDBB49C00DF890B /* GFError.swift */ = {isa = PBXFileReference; lastKnownFileType = sourcecode.swift; path = GFError.swift; sourceTree = "<group>"; };
		84420F912BFCE0E000A66AB4 /* FollowerCell.swift */ = {isa = PBXFileReference; lastKnownFileType = sourcecode.swift; path = FollowerCell.swift; sourceTree = "<group>"; };
		84420F932BFCE35A00A66AB4 /* GFAvatarImageView.swift */ = {isa = PBXFileReference; lastKnownFileType = sourcecode.swift; path = GFAvatarImageView.swift; sourceTree = "<group>"; };
		847B9F782BDA67810068A3FF /* NetworkManager.swift */ = {isa = PBXFileReference; lastKnownFileType = sourcecode.swift; path = NetworkManager.swift; sourceTree = "<group>"; };
		849ED9852BD91DC300778F5B /* UIViewController ext.swift */ = {isa = PBXFileReference; lastKnownFileType = sourcecode.swift; path = "UIViewController ext.swift"; sourceTree = "<group>"; };
		849ED98C2BD93C8A00778F5B /* Follower.swift */ = {isa = PBXFileReference; lastKnownFileType = sourcecode.swift; path = Follower.swift; sourceTree = "<group>"; };
		849ED98E2BD93D5900778F5B /* User.swift */ = {isa = PBXFileReference; lastKnownFileType = sourcecode.swift; path = User.swift; sourceTree = "<group>"; };
		84D9F40A2BAB2121003F906E /* GFTextField.swift */ = {isa = PBXFileReference; lastKnownFileType = sourcecode.swift; path = GFTextField.swift; sourceTree = "<group>"; };
		84E7C8FD2C060F2F0091146A /* UIHelper.swift */ = {isa = PBXFileReference; lastKnownFileType = sourcecode.swift; path = UIHelper.swift; sourceTree = "<group>"; };
		84EE2DDF2C075AF4009483E3 /* GFEmptyStateView.swift */ = {isa = PBXFileReference; lastKnownFileType = sourcecode.swift; path = GFEmptyStateView.swift; sourceTree = "<group>"; };
/* End PBXFileReference section */

/* Begin PBXFrameworksBuildPhase section */
		841A962A2B8F718400A898D6 /* Frameworks */ = {
			isa = PBXFrameworksBuildPhase;
			buildActionMask = 2147483647;
			files = (
			);
			runOnlyForDeploymentPostprocessing = 0;
		};
/* End PBXFrameworksBuildPhase section */

/* Begin PBXGroup section */
		841A96242B8F718400A898D6 = {
			isa = PBXGroup;
			children = (
				841A962F2B8F718400A898D6 /* GHFollowers */,
				841A962E2B8F718400A898D6 /* Products */,
			);
			sourceTree = "<group>";
		};
		841A962E2B8F718400A898D6 /* Products */ = {
			isa = PBXGroup;
			children = (
				841A962D2B8F718400A898D6 /* GHFollowers.app */,
			);
			name = Products;
			sourceTree = "<group>";
		};
		841A962F2B8F718400A898D6 /* GHFollowers */ = {
			isa = PBXGroup;
			children = (
				8429DCBA2BDBB48900DF890B /* Utilities */,
				847B9F772BDA67610068A3FF /* Managers */,
				849ED98B2BD93C7900778F5B /* Model */,
				849ED9872BD92AD900778F5B /* Screens */,
				849ED9882BD92B1200778F5B /* Custom Views */,
				849ED9892BD92B4500778F5B /* Extensions */,
				849ED98A2BD92BA600778F5B /* Support */,
				841A963E2B8F718600A898D6 /* Info.plist */,
			);
			path = GHFollowers;
			sourceTree = "<group>";
		};
		8429DCBA2BDBB48900DF890B /* Utilities */ = {
			isa = PBXGroup;
			children = (
				8429DCBB2BDBB49C00DF890B /* GFError.swift */,
				84E7C8FD2C060F2F0091146A /* UIHelper.swift */,
			);
			path = Utilities;
			sourceTree = "<group>";
		};
		84420F902BFCE0B400A66AB4 /* Cells */ = {
			isa = PBXGroup;
			children = (
				84420F912BFCE0E000A66AB4 /* FollowerCell.swift */,
			);
			path = Cells;
			sourceTree = "<group>";
		};
		847B9F772BDA67610068A3FF /* Managers */ = {
			isa = PBXGroup;
			children = (
				847B9F782BDA67810068A3FF /* NetworkManager.swift */,
			);
			path = Managers;
			sourceTree = "<group>";
		};
		849ED9872BD92AD900778F5B /* Screens */ = {
			isa = PBXGroup;
			children = (
				841A96442B8F7B1900A898D6 /* SearchVC.swift */,
				840C86AA2BD7D821000A7CD1 /* FollowerListVC.swift */,
				841A96462B8F7B5B00A898D6 /* FavoritesListVC.swift */,
			);
			path = Screens;
			sourceTree = "<group>";
		};
		849ED9882BD92B1200778F5B /* Custom Views */ = {
			isa = PBXGroup;
			children = (
				84EE2DDE2C075A98009483E3 /* Labels */,
				84EE2DDD2C075A7A009483E3 /* ViewControllers */,
				84EE2DDC2C075A73009483E3 /* ImageViews */,
				84EE2DDB2C075A6C009483E3 /* TextFields */,
				84EE2DDA2C075A65009483E3 /* Buttons */,
				84EE2DD92C075A5B009483E3 /* Views */,
				84420F902BFCE0B400A66AB4 /* Cells */,
			);
			path = "Custom Views";
			sourceTree = "<group>";
		};
		849ED9892BD92B4500778F5B /* Extensions */ = {
			isa = PBXGroup;
			children = (
				849ED9852BD91DC300778F5B /* UIViewController ext.swift */,
			);
			path = Extensions;
			sourceTree = "<group>";
		};
		849ED98A2BD92BA600778F5B /* Support */ = {
			isa = PBXGroup;
			children = (
				841A96302B8F718400A898D6 /* AppDelegate.swift */,
				841A96322B8F718400A898D6 /* SceneDelegate.swift */,
				841A96392B8F718600A898D6 /* Assets.xcassets */,
				841A963B2B8F718600A898D6 /* LaunchScreen.storyboard */,
			);
			path = Support;
			sourceTree = "<group>";
		};
		849ED98B2BD93C7900778F5B /* Model */ = {
			isa = PBXGroup;
			children = (
				849ED98C2BD93C8A00778F5B /* Follower.swift */,
				849ED98E2BD93D5900778F5B /* User.swift */,
			);
			path = Model;
			sourceTree = "<group>";
		};
		84EE2DD92C075A5B009483E3 /* Views */ = {
			isa = PBXGroup;
			children = (
				84EE2DDF2C075AF4009483E3 /* GFEmptyStateView.swift */,
			);
			path = Views;
			sourceTree = "<group>";
		};
		84EE2DDA2C075A65009483E3 /* Buttons */ = {
			isa = PBXGroup;
			children = (
				841A96482B8F85AA00A898D6 /* GFButton.swift */,
			);
			path = Buttons;
			sourceTree = "<group>";
		};
		84EE2DDB2C075A6C009483E3 /* TextFields */ = {
			isa = PBXGroup;
			children = (
				84D9F40A2BAB2121003F906E /* GFTextField.swift */,
			);
			path = TextFields;
			sourceTree = "<group>";
		};
		84EE2DDC2C075A73009483E3 /* ImageViews */ = {
			isa = PBXGroup;
			children = (
				84420F932BFCE35A00A66AB4 /* GFAvatarImageView.swift */,
			);
			path = ImageViews;
			sourceTree = "<group>";
		};
		84EE2DDD2C075A7A009483E3 /* ViewControllers */ = {
			isa = PBXGroup;
			children = (
				840C86B02BD7E710000A7CD1 /* GFAlertVC.swift */,
			);
			path = ViewControllers;
			sourceTree = "<group>";
		};
		84EE2DDE2C075A98009483E3 /* Labels */ = {
			isa = PBXGroup;
			children = (
				840C86AE2BD7E631000A7CD1 /* GFBodyLabel.swift */,
				840C86AC2BD7E232000A7CD1 /* GFTitleLabel.swift */,
			);
			path = Labels;
			sourceTree = "<group>";
		};
/* End PBXGroup section */

/* Begin PBXNativeTarget section */
		841A962C2B8F718400A898D6 /* GHFollowers */ = {
			isa = PBXNativeTarget;
			buildConfigurationList = 841A96412B8F718600A898D6 /* Build configuration list for PBXNativeTarget "GHFollowers" */;
			buildPhases = (
				841A96292B8F718400A898D6 /* Sources */,
				841A962A2B8F718400A898D6 /* Frameworks */,
				841A962B2B8F718400A898D6 /* Resources */,
			);
			buildRules = (
			);
			dependencies = (
			);
			name = GHFollowers;
			productName = GHFollowers;
			productReference = 841A962D2B8F718400A898D6 /* GHFollowers.app */;
			productType = "com.apple.product-type.application";
		};
/* End PBXNativeTarget section */

/* Begin PBXProject section */
		841A96252B8F718400A898D6 /* Project object */ = {
			isa = PBXProject;
			attributes = {
				BuildIndependentTargetsInParallel = 1;
				LastSwiftUpdateCheck = 1520;
				LastUpgradeCheck = 1520;
				TargetAttributes = {
					841A962C2B8F718400A898D6 = {
						CreatedOnToolsVersion = 15.2;
					};
				};
			};
			buildConfigurationList = 841A96282B8F718400A898D6 /* Build configuration list for PBXProject "GHFollowers" */;
			compatibilityVersion = "Xcode 14.0";
			developmentRegion = en;
			hasScannedForEncodings = 0;
			knownRegions = (
				en,
				Base,
			);
			mainGroup = 841A96242B8F718400A898D6;
			productRefGroup = 841A962E2B8F718400A898D6 /* Products */;
			projectDirPath = "";
			projectRoot = "";
			targets = (
				841A962C2B8F718400A898D6 /* GHFollowers */,
			);
		};
/* End PBXProject section */

/* Begin PBXResourcesBuildPhase section */
		841A962B2B8F718400A898D6 /* Resources */ = {
			isa = PBXResourcesBuildPhase;
			buildActionMask = 2147483647;
			files = (
				841A963D2B8F718600A898D6 /* LaunchScreen.storyboard in Resources */,
				841A963A2B8F718600A898D6 /* Assets.xcassets in Resources */,
			);
			runOnlyForDeploymentPostprocessing = 0;
		};
/* End PBXResourcesBuildPhase section */

/* Begin PBXSourcesBuildPhase section */
		841A96292B8F718400A898D6 /* Sources */ = {
			isa = PBXSourcesBuildPhase;
			buildActionMask = 2147483647;
			files = (
				849ED98F2BD93D5900778F5B /* User.swift in Sources */,
				84D9F40B2BAB2121003F906E /* GFTextField.swift in Sources */,
				849ED9862BD91DC300778F5B /* UIViewController ext.swift in Sources */,
				841A96472B8F7B5B00A898D6 /* FavoritesListVC.swift in Sources */,
				841A96492B8F85AA00A898D6 /* GFButton.swift in Sources */,
				84E7C8FE2C060F2F0091146A /* UIHelper.swift in Sources */,
				84420F942BFCE35A00A66AB4 /* GFAvatarImageView.swift in Sources */,
				841A96452B8F7B1900A898D6 /* SearchVC.swift in Sources */,
				840C86B12BD7E710000A7CD1 /* GFAlertVC.swift in Sources */,
				84420F922BFCE0E000A66AB4 /* FollowerCell.swift in Sources */,
				8429DCBC2BDBB49C00DF890B /* GFError.swift in Sources */,
				840C86AF2BD7E631000A7CD1 /* GFBodyLabel.swift in Sources */,
				849ED98D2BD93C8A00778F5B /* Follower.swift in Sources */,
				840C86AD2BD7E232000A7CD1 /* GFTitleLabel.swift in Sources */,
				84EE2DE02C075AF4009483E3 /* GFEmptyStateView.swift in Sources */,
				847B9F792BDA67810068A3FF /* NetworkManager.swift in Sources */,
				840C86AB2BD7D821000A7CD1 /* FollowerListVC.swift in Sources */,
				841A96312B8F718400A898D6 /* AppDelegate.swift in Sources */,
				841A96332B8F718400A898D6 /* SceneDelegate.swift in Sources */,
			);
			runOnlyForDeploymentPostprocessing = 0;
		};
/* End PBXSourcesBuildPhase section */

/* Begin PBXVariantGroup section */
		841A963B2B8F718600A898D6 /* LaunchScreen.storyboard */ = {
			isa = PBXVariantGroup;
			children = (
				841A963C2B8F718600A898D6 /* Base */,
			);
			name = LaunchScreen.storyboard;
			sourceTree = "<group>";
		};
/* End PBXVariantGroup section */

/* Begin XCBuildConfiguration section */
		841A963F2B8F718600A898D6 /* Debug */ = {
			isa = XCBuildConfiguration;
			buildSettings = {
				ALWAYS_SEARCH_USER_PATHS = NO;
				ASSETCATALOG_COMPILER_GENERATE_SWIFT_ASSET_SYMBOL_EXTENSIONS = YES;
				CLANG_ANALYZER_NONNULL = YES;
				CLANG_ANALYZER_NUMBER_OBJECT_CONVERSION = YES_AGGRESSIVE;
				CLANG_CXX_LANGUAGE_STANDARD = "gnu++20";
				CLANG_ENABLE_MODULES = YES;
				CLANG_ENABLE_OBJC_ARC = YES;
				CLANG_ENABLE_OBJC_WEAK = YES;
				CLANG_WARN_BLOCK_CAPTURE_AUTORELEASING = YES;
				CLANG_WARN_BOOL_CONVERSION = YES;
				CLANG_WARN_COMMA = YES;
				CLANG_WARN_CONSTANT_CONVERSION = YES;
				CLANG_WARN_DEPRECATED_OBJC_IMPLEMENTATIONS = YES;
				CLANG_WARN_DIRECT_OBJC_ISA_USAGE = YES_ERROR;
				CLANG_WARN_DOCUMENTATION_COMMENTS = YES;
				CLANG_WARN_EMPTY_BODY = YES;
				CLANG_WARN_ENUM_CONVERSION = YES;
				CLANG_WARN_INFINITE_RECURSION = YES;
				CLANG_WARN_INT_CONVERSION = YES;
				CLANG_WARN_NON_LITERAL_NULL_CONVERSION = YES;
				CLANG_WARN_OBJC_IMPLICIT_RETAIN_SELF = YES;
				CLANG_WARN_OBJC_LITERAL_CONVERSION = YES;
				CLANG_WARN_OBJC_ROOT_CLASS = YES_ERROR;
				CLANG_WARN_QUOTED_INCLUDE_IN_FRAMEWORK_HEADER = YES;
				CLANG_WARN_RANGE_LOOP_ANALYSIS = YES;
				CLANG_WARN_STRICT_PROTOTYPES = YES;
				CLANG_WARN_SUSPICIOUS_MOVE = YES;
				CLANG_WARN_UNGUARDED_AVAILABILITY = YES_AGGRESSIVE;
				CLANG_WARN_UNREACHABLE_CODE = YES;
				CLANG_WARN__DUPLICATE_METHOD_MATCH = YES;
				COPY_PHASE_STRIP = NO;
				DEBUG_INFORMATION_FORMAT = dwarf;
				ENABLE_STRICT_OBJC_MSGSEND = YES;
				ENABLE_TESTABILITY = YES;
				ENABLE_USER_SCRIPT_SANDBOXING = YES;
				GCC_C_LANGUAGE_STANDARD = gnu17;
				GCC_DYNAMIC_NO_PIC = NO;
				GCC_NO_COMMON_BLOCKS = YES;
				GCC_OPTIMIZATION_LEVEL = 0;
				GCC_PREPROCESSOR_DEFINITIONS = (
					"DEBUG=1",
					"$(inherited)",
				);
				GCC_WARN_64_TO_32_BIT_CONVERSION = YES;
				GCC_WARN_ABOUT_RETURN_TYPE = YES_ERROR;
				GCC_WARN_UNDECLARED_SELECTOR = YES;
				GCC_WARN_UNINITIALIZED_AUTOS = YES_AGGRESSIVE;
				GCC_WARN_UNUSED_FUNCTION = YES;
				GCC_WARN_UNUSED_VARIABLE = YES;
				IPHONEOS_DEPLOYMENT_TARGET = 17.2;
				LOCALIZATION_PREFERS_STRING_CATALOGS = YES;
				MTL_ENABLE_DEBUG_INFO = INCLUDE_SOURCE;
				MTL_FAST_MATH = YES;
				ONLY_ACTIVE_ARCH = YES;
				SDKROOT = iphoneos;
				SWIFT_ACTIVE_COMPILATION_CONDITIONS = "DEBUG $(inherited)";
				SWIFT_OPTIMIZATION_LEVEL = "-Onone";
			};
			name = Debug;
		};
		841A96402B8F718600A898D6 /* Release */ = {
			isa = XCBuildConfiguration;
			buildSettings = {
				ALWAYS_SEARCH_USER_PATHS = NO;
				ASSETCATALOG_COMPILER_GENERATE_SWIFT_ASSET_SYMBOL_EXTENSIONS = YES;
				CLANG_ANALYZER_NONNULL = YES;
				CLANG_ANALYZER_NUMBER_OBJECT_CONVERSION = YES_AGGRESSIVE;
				CLANG_CXX_LANGUAGE_STANDARD = "gnu++20";
				CLANG_ENABLE_MODULES = YES;
				CLANG_ENABLE_OBJC_ARC = YES;
				CLANG_ENABLE_OBJC_WEAK = YES;
				CLANG_WARN_BLOCK_CAPTURE_AUTORELEASING = YES;
				CLANG_WARN_BOOL_CONVERSION = YES;
				CLANG_WARN_COMMA = YES;
				CLANG_WARN_CONSTANT_CONVERSION = YES;
				CLANG_WARN_DEPRECATED_OBJC_IMPLEMENTATIONS = YES;
				CLANG_WARN_DIRECT_OBJC_ISA_USAGE = YES_ERROR;
				CLANG_WARN_DOCUMENTATION_COMMENTS = YES;
				CLANG_WARN_EMPTY_BODY = YES;
				CLANG_WARN_ENUM_CONVERSION = YES;
				CLANG_WARN_INFINITE_RECURSION = YES;
				CLANG_WARN_INT_CONVERSION = YES;
				CLANG_WARN_NON_LITERAL_NULL_CONVERSION = YES;
				CLANG_WARN_OBJC_IMPLICIT_RETAIN_SELF = YES;
				CLANG_WARN_OBJC_LITERAL_CONVERSION = YES;
				CLANG_WARN_OBJC_ROOT_CLASS = YES_ERROR;
				CLANG_WARN_QUOTED_INCLUDE_IN_FRAMEWORK_HEADER = YES;
				CLANG_WARN_RANGE_LOOP_ANALYSIS = YES;
				CLANG_WARN_STRICT_PROTOTYPES = YES;
				CLANG_WARN_SUSPICIOUS_MOVE = YES;
				CLANG_WARN_UNGUARDED_AVAILABILITY = YES_AGGRESSIVE;
				CLANG_WARN_UNREACHABLE_CODE = YES;
				CLANG_WARN__DUPLICATE_METHOD_MATCH = YES;
				COPY_PHASE_STRIP = NO;
				DEBUG_INFORMATION_FORMAT = "dwarf-with-dsym";
				ENABLE_NS_ASSERTIONS = NO;
				ENABLE_STRICT_OBJC_MSGSEND = YES;
				ENABLE_USER_SCRIPT_SANDBOXING = YES;
				GCC_C_LANGUAGE_STANDARD = gnu17;
				GCC_NO_COMMON_BLOCKS = YES;
				GCC_WARN_64_TO_32_BIT_CONVERSION = YES;
				GCC_WARN_ABOUT_RETURN_TYPE = YES_ERROR;
				GCC_WARN_UNDECLARED_SELECTOR = YES;
				GCC_WARN_UNINITIALIZED_AUTOS = YES_AGGRESSIVE;
				GCC_WARN_UNUSED_FUNCTION = YES;
				GCC_WARN_UNUSED_VARIABLE = YES;
				IPHONEOS_DEPLOYMENT_TARGET = 17.2;
				LOCALIZATION_PREFERS_STRING_CATALOGS = YES;
				MTL_ENABLE_DEBUG_INFO = NO;
				MTL_FAST_MATH = YES;
				SDKROOT = iphoneos;
				SWIFT_COMPILATION_MODE = wholemodule;
				VALIDATE_PRODUCT = YES;
			};
			name = Release;
		};
		841A96422B8F718600A898D6 /* Debug */ = {
			isa = XCBuildConfiguration;
			buildSettings = {
				ASSETCATALOG_COMPILER_APPICON_NAME = AppIcon;
				ASSETCATALOG_COMPILER_GLOBAL_ACCENT_COLOR_NAME = AccentColor;
				ASSETCATALOG_COMPILER_INCLUDE_ALL_APPICON_ASSETS = NO;
				CODE_SIGN_STYLE = Automatic;
				CURRENT_PROJECT_VERSION = 1;
				DEVELOPMENT_TEAM = S695ZJTN24;
				GENERATE_INFOPLIST_FILE = YES;
				INFOPLIST_FILE = GHFollowers/Info.plist;
				INFOPLIST_KEY_UIApplicationSupportsIndirectInputEvents = YES;
				INFOPLIST_KEY_UILaunchStoryboardName = LaunchScreen;
				INFOPLIST_KEY_UIStatusBarStyle = "";
				INFOPLIST_KEY_UISupportedInterfaceOrientations = UIInterfaceOrientationPortrait;
				LD_RUNPATH_SEARCH_PATHS = (
					"$(inherited)",
					"@executable_path/Frameworks",
				);
				MARKETING_VERSION = 1.0;
				PRODUCT_BUNDLE_IDENTIFIER = Vogtman.GHFollowers;
				PRODUCT_NAME = "$(TARGET_NAME)";
				SUPPORTED_PLATFORMS = "iphoneos iphonesimulator";
				SUPPORTS_MACCATALYST = NO;
				SUPPORTS_MAC_DESIGNED_FOR_IPHONE_IPAD = NO;
				SUPPORTS_XR_DESIGNED_FOR_IPHONE_IPAD = NO;
				SWIFT_EMIT_LOC_STRINGS = YES;
				SWIFT_VERSION = 5.0;
				TARGETED_DEVICE_FAMILY = 1;
			};
			name = Debug;
		};
		841A96432B8F718600A898D6 /* Release */ = {
			isa = XCBuildConfiguration;
			buildSettings = {
				ASSETCATALOG_COMPILER_APPICON_NAME = AppIcon;
				ASSETCATALOG_COMPILER_GLOBAL_ACCENT_COLOR_NAME = AccentColor;
				ASSETCATALOG_COMPILER_INCLUDE_ALL_APPICON_ASSETS = NO;
				CODE_SIGN_STYLE = Automatic;
				CURRENT_PROJECT_VERSION = 1;
				DEVELOPMENT_TEAM = S695ZJTN24;
				GENERATE_INFOPLIST_FILE = YES;
				INFOPLIST_FILE = GHFollowers/Info.plist;
				INFOPLIST_KEY_UIApplicationSupportsIndirectInputEvents = YES;
				INFOPLIST_KEY_UILaunchStoryboardName = LaunchScreen;
				INFOPLIST_KEY_UIStatusBarStyle = "";
				INFOPLIST_KEY_UISupportedInterfaceOrientations = UIInterfaceOrientationPortrait;
				LD_RUNPATH_SEARCH_PATHS = (
					"$(inherited)",
					"@executable_path/Frameworks",
				);
				MARKETING_VERSION = 1.0;
				PRODUCT_BUNDLE_IDENTIFIER = Vogtman.GHFollowers;
				PRODUCT_NAME = "$(TARGET_NAME)";
				SUPPORTED_PLATFORMS = "iphoneos iphonesimulator";
				SUPPORTS_MACCATALYST = NO;
				SUPPORTS_MAC_DESIGNED_FOR_IPHONE_IPAD = NO;
				SUPPORTS_XR_DESIGNED_FOR_IPHONE_IPAD = NO;
				SWIFT_EMIT_LOC_STRINGS = YES;
				SWIFT_VERSION = 5.0;
				TARGETED_DEVICE_FAMILY = 1;
			};
			name = Release;
		};
/* End XCBuildConfiguration section */

/* Begin XCConfigurationList section */
		841A96282B8F718400A898D6 /* Build configuration list for PBXProject "GHFollowers" */ = {
			isa = XCConfigurationList;
			buildConfigurations = (
				841A963F2B8F718600A898D6 /* Debug */,
				841A96402B8F718600A898D6 /* Release */,
			);
			defaultConfigurationIsVisible = 0;
			defaultConfigurationName = Release;
		};
		841A96412B8F718600A898D6 /* Build configuration list for PBXNativeTarget "GHFollowers" */ = {
			isa = XCConfigurationList;
			buildConfigurations = (
				841A96422B8F718600A898D6 /* Debug */,
				841A96432B8F718600A898D6 /* Release */,
			);
			defaultConfigurationIsVisible = 0;
			defaultConfigurationName = Release;
		};
/* End XCConfigurationList section */
	};
	rootObject = 841A96252B8F718400A898D6 /* Project object */;
}
